// !$*UTF8*$!
{
	archiveVersion = 1;
	classes = {
	};
	objectVersion = 55;
	objects = {

/* Begin PBXBuildFile section */
		48E38FA528251E6A00101C99 /* ChatSdk.docc in Sources */ = {isa = PBXBuildFile; fileRef = 48E38FA428251E6A00101C99 /* ChatSdk.docc */; };
		48E38FAB28251E6A00101C99 /* ChatSdk.framework in Frameworks */ = {isa = PBXBuildFile; fileRef = 48E38FA028251E6A00101C99 /* ChatSdk.framework */; };
		48E38FB028251E6A00101C99 /* ChatSdkTests.swift in Sources */ = {isa = PBXBuildFile; fileRef = 48E38FAF28251E6A00101C99 /* ChatSdkTests.swift */; };
		48E38FB128251E6A00101C99 /* ChatSdk.h in Headers */ = {isa = PBXBuildFile; fileRef = 48E38FA328251E6A00101C99 /* ChatSdk.h */; settings = {ATTRIBUTES = (Public, ); }; };
		B5236101F6F49F00447B5576 /* libPods-ChatSdk.a in Frameworks */ = {isa = PBXBuildFile; fileRef = A14B0371A528275452BC728C /* libPods-ChatSdk.a */; };
/* End PBXBuildFile section */

/* Begin PBXContainerItemProxy section */
		48E38FAC28251E6A00101C99 /* PBXContainerItemProxy */ = {
			isa = PBXContainerItemProxy;
			containerPortal = 48E38F9728251E6A00101C99 /* Project object */;
			proxyType = 1;
			remoteGlobalIDString = 48E38F9F28251E6A00101C99;
			remoteInfo = ChatSdk;
		};
/* End PBXContainerItemProxy section */

/* Begin PBXFileReference section */
		48E38FA028251E6A00101C99 /* ChatSdk.framework */ = {isa = PBXFileReference; explicitFileType = wrapper.framework; includeInIndex = 0; path = ChatSdk.framework; sourceTree = BUILT_PRODUCTS_DIR; };
		48E38FA328251E6A00101C99 /* ChatSdk.h */ = {isa = PBXFileReference; lastKnownFileType = sourcecode.c.h; path = ChatSdk.h; sourceTree = "<group>"; };
		48E38FA428251E6A00101C99 /* ChatSdk.docc */ = {isa = PBXFileReference; lastKnownFileType = folder.documentationcatalog; path = ChatSdk.docc; sourceTree = "<group>"; };
		48E38FAA28251E6A00101C99 /* ChatSdkTests.xctest */ = {isa = PBXFileReference; explicitFileType = wrapper.cfbundle; includeInIndex = 0; path = ChatSdkTests.xctest; sourceTree = BUILT_PRODUCTS_DIR; };
		48E38FAF28251E6A00101C99 /* ChatSdkTests.swift */ = {isa = PBXFileReference; lastKnownFileType = sourcecode.swift; path = ChatSdkTests.swift; sourceTree = "<group>"; };
		51B344F2BCE6B29C9F0722A4 /* Pods-ChatSdk.debug.xcconfig */ = {isa = PBXFileReference; includeInIndex = 1; lastKnownFileType = text.xcconfig; name = "Pods-ChatSdk.debug.xcconfig"; path = "Target Support Files/Pods-ChatSdk/Pods-ChatSdk.debug.xcconfig"; sourceTree = "<group>"; };
		943B135AAE2795F83D77CCC7 /* Pods-ChatSdk.release.xcconfig */ = {isa = PBXFileReference; includeInIndex = 1; lastKnownFileType = text.xcconfig; name = "Pods-ChatSdk.release.xcconfig"; path = "Target Support Files/Pods-ChatSdk/Pods-ChatSdk.release.xcconfig"; sourceTree = "<group>"; };
		A14B0371A528275452BC728C /* libPods-ChatSdk.a */ = {isa = PBXFileReference; explicitFileType = archive.ar; includeInIndex = 0; path = "libPods-ChatSdk.a"; sourceTree = BUILT_PRODUCTS_DIR; };
/* End PBXFileReference section */

/* Begin PBXFrameworksBuildPhase section */
		48E38F9D28251E6A00101C99 /* Frameworks */ = {
			isa = PBXFrameworksBuildPhase;
			buildActionMask = 2147483647;
			files = (
				B5236101F6F49F00447B5576 /* libPods-ChatSdk.a in Frameworks */,
			);
			runOnlyForDeploymentPostprocessing = 0;
		};
		48E38FA728251E6A00101C99 /* Frameworks */ = {
			isa = PBXFrameworksBuildPhase;
			buildActionMask = 2147483647;
			files = (
				48E38FAB28251E6A00101C99 /* ChatSdk.framework in Frameworks */,
			);
			runOnlyForDeploymentPostprocessing = 0;
		};
/* End PBXFrameworksBuildPhase section */

/* Begin PBXGroup section */
		48E38F9628251E6A00101C99 = {
			isa = PBXGroup;
			children = (
				48E38FA228251E6A00101C99 /* ChatSdk */,
				48E38FAE28251E6A00101C99 /* ChatSdkTests */,
				48E38FA128251E6A00101C99 /* Products */,
				75C1D47A9254F91D334E1C95 /* Pods */,
				94223C5A580A34CF4441B05B /* Frameworks */,
			);
			sourceTree = "<group>";
		};
		48E38FA128251E6A00101C99 /* Products */ = {
			isa = PBXGroup;
			children = (
				48E38FA028251E6A00101C99 /* ChatSdk.framework */,
				48E38FAA28251E6A00101C99 /* ChatSdkTests.xctest */,
			);
			name = Products;
			sourceTree = "<group>";
		};
		48E38FA228251E6A00101C99 /* ChatSdk */ = {
			isa = PBXGroup;
			children = (
				48E38FA328251E6A00101C99 /* ChatSdk.h */,
				48E38FA428251E6A00101C99 /* ChatSdk.docc */,
			);
			path = ChatSdk;
			sourceTree = "<group>";
		};
		48E38FAE28251E6A00101C99 /* ChatSdkTests */ = {
			isa = PBXGroup;
			children = (
				48E38FAF28251E6A00101C99 /* ChatSdkTests.swift */,
			);
			path = ChatSdkTests;
			sourceTree = "<group>";
		};
		75C1D47A9254F91D334E1C95 /* Pods */ = {
			isa = PBXGroup;
			children = (
				51B344F2BCE6B29C9F0722A4 /* Pods-ChatSdk.debug.xcconfig */,
				943B135AAE2795F83D77CCC7 /* Pods-ChatSdk.release.xcconfig */,
			);
			name = Pods;
			path = Pods;
			sourceTree = "<group>";
		};
		94223C5A580A34CF4441B05B /* Frameworks */ = {
			isa = PBXGroup;
			children = (
				A14B0371A528275452BC728C /* libPods-ChatSdk.a */,
			);
			name = Frameworks;
			sourceTree = "<group>";
		};
/* End PBXGroup section */

/* Begin PBXHeadersBuildPhase section */
		48E38F9B28251E6A00101C99 /* Headers */ = {
			isa = PBXHeadersBuildPhase;
			buildActionMask = 2147483647;
			files = (
				48E38FB128251E6A00101C99 /* ChatSdk.h in Headers */,
			);
			runOnlyForDeploymentPostprocessing = 0;
		};
/* End PBXHeadersBuildPhase section */

/* Begin PBXNativeTarget section */
		48E38F9F28251E6A00101C99 /* ChatSdk */ = {
			isa = PBXNativeTarget;
			buildConfigurationList = 48E38FB428251E6A00101C99 /* Build configuration list for PBXNativeTarget "ChatSdk" */;
			buildPhases = (
				DA4C38BCF3706661B11E2953 /* [CP] Check Pods Manifest.lock */,
				48E38F9B28251E6A00101C99 /* Headers */,
				48E38F9C28251E6A00101C99 /* Sources */,
				48E38F9D28251E6A00101C99 /* Frameworks */,
				48E38F9E28251E6A00101C99 /* Resources */,
				DA5AA307F2B5AEC7B4B8F99C /* [CP] Copy Pods Resources */,
			);
			buildRules = (
			);
			dependencies = (
			);
			name = ChatSdk;
			productName = ChatSdk;
			productReference = 48E38FA028251E6A00101C99 /* ChatSdk.framework */;
			productType = "com.apple.product-type.framework";
		};
		48E38FA928251E6A00101C99 /* ChatSdkTests */ = {
			isa = PBXNativeTarget;
			buildConfigurationList = 48E38FB728251E6A00101C99 /* Build configuration list for PBXNativeTarget "ChatSdkTests" */;
			buildPhases = (
				48E38FA628251E6A00101C99 /* Sources */,
				48E38FA728251E6A00101C99 /* Frameworks */,
				48E38FA828251E6A00101C99 /* Resources */,
			);
			buildRules = (
			);
			dependencies = (
				48E38FAD28251E6A00101C99 /* PBXTargetDependency */,
			);
			name = ChatSdkTests;
			productName = ChatSdkTests;
			productReference = 48E38FAA28251E6A00101C99 /* ChatSdkTests.xctest */;
			productType = "com.apple.product-type.bundle.unit-test";
		};
/* End PBXNativeTarget section */

/* Begin PBXProject section */
		48E38F9728251E6A00101C99 /* Project object */ = {
			isa = PBXProject;
			attributes = {
				BuildIndependentTargetsInParallel = 1;
				LastSwiftUpdateCheck = 1320;
				LastUpgradeCheck = 1320;
				TargetAttributes = {
					48E38F9F28251E6A00101C99 = {
						CreatedOnToolsVersion = 13.2;
					};
					48E38FA928251E6A00101C99 = {
						CreatedOnToolsVersion = 13.2;
					};
				};
			};
			buildConfigurationList = 48E38F9A28251E6A00101C99 /* Build configuration list for PBXProject "ChatSdk" */;
			compatibilityVersion = "Xcode 13.0";
			developmentRegion = en;
			hasScannedForEncodings = 0;
			knownRegions = (
				en,
				Base,
			);
			mainGroup = 48E38F9628251E6A00101C99;
			productRefGroup = 48E38FA128251E6A00101C99 /* Products */;
			projectDirPath = "";
			projectRoot = "";
			targets = (
				48E38F9F28251E6A00101C99 /* ChatSdk */,
				48E38FA928251E6A00101C99 /* ChatSdkTests */,
			);
		};
/* End PBXProject section */

/* Begin PBXResourcesBuildPhase section */
		48E38F9E28251E6A00101C99 /* Resources */ = {
			isa = PBXResourcesBuildPhase;
			buildActionMask = 2147483647;
			files = (
			);
			runOnlyForDeploymentPostprocessing = 0;
		};
		48E38FA828251E6A00101C99 /* Resources */ = {
			isa = PBXResourcesBuildPhase;
			buildActionMask = 2147483647;
			files = (
			);
			runOnlyForDeploymentPostprocessing = 0;
		};
/* End PBXResourcesBuildPhase section */

/* Begin PBXShellScriptBuildPhase section */
		DA4C38BCF3706661B11E2953 /* [CP] Check Pods Manifest.lock */ = {
			isa = PBXShellScriptBuildPhase;
			buildActionMask = 2147483647;
			files = (
			);
			inputFileListPaths = (
			);
			inputPaths = (
				"${PODS_PODFILE_DIR_PATH}/Podfile.lock",
				"${PODS_ROOT}/Manifest.lock",
			);
			name = "[CP] Check Pods Manifest.lock";
			outputFileListPaths = (
			);
			outputPaths = (
				"$(DERIVED_FILE_DIR)/Pods-ChatSdk-checkManifestLockResult.txt",
			);
			runOnlyForDeploymentPostprocessing = 0;
			shellPath = /bin/sh;
			shellScript = "diff \"${PODS_PODFILE_DIR_PATH}/Podfile.lock\" \"${PODS_ROOT}/Manifest.lock\" > /dev/null\nif [ $? != 0 ] ; then\n    # print error to STDERR\n    echo \"error: The sandbox is not in sync with the Podfile.lock. Run 'pod install' or update your CocoaPods installation.\" >&2\n    exit 1\nfi\n# This output is used by Xcode 'outputs' to avoid re-running this script phase.\necho \"SUCCESS\" > \"${SCRIPT_OUTPUT_FILE_0}\"\n";
			showEnvVarsInLog = 0;
		};
		DA5AA307F2B5AEC7B4B8F99C /* [CP] Copy Pods Resources */ = {
			isa = PBXShellScriptBuildPhase;
			buildActionMask = 2147483647;
			files = (
			);
			inputFileListPaths = (
				"${PODS_ROOT}/Target Support Files/Pods-ChatSdk/Pods-ChatSdk-resources-${CONFIGURATION}-input-files.xcfilelist",
			);
			name = "[CP] Copy Pods Resources";
			outputFileListPaths = (
				"${PODS_ROOT}/Target Support Files/Pods-ChatSdk/Pods-ChatSdk-resources-${CONFIGURATION}-output-files.xcfilelist",
			);
			runOnlyForDeploymentPostprocessing = 0;
			shellPath = /bin/sh;
			shellScript = "\"${PODS_ROOT}/Target Support Files/Pods-ChatSdk/Pods-ChatSdk-resources.sh\"\n";
			showEnvVarsInLog = 0;
		};
/* End PBXShellScriptBuildPhase section */

/* Begin PBXSourcesBuildPhase section */
		48E38F9C28251E6A00101C99 /* Sources */ = {
			isa = PBXSourcesBuildPhase;
			buildActionMask = 2147483647;
			files = (
				48E38FA528251E6A00101C99 /* ChatSdk.docc in Sources */,
			);
			runOnlyForDeploymentPostprocessing = 0;
		};
		48E38FA628251E6A00101C99 /* Sources */ = {
			isa = PBXSourcesBuildPhase;
			buildActionMask = 2147483647;
			files = (
				48E38FB028251E6A00101C99 /* ChatSdkTests.swift in Sources */,
			);
			runOnlyForDeploymentPostprocessing = 0;
		};
/* End PBXSourcesBuildPhase section */

/* Begin PBXTargetDependency section */
		48E38FAD28251E6A00101C99 /* PBXTargetDependency */ = {
			isa = PBXTargetDependency;
			target = 48E38F9F28251E6A00101C99 /* ChatSdk */;
			targetProxy = 48E38FAC28251E6A00101C99 /* PBXContainerItemProxy */;
		};
/* End PBXTargetDependency section */

/* Begin XCBuildConfiguration section */
		48E38FB228251E6A00101C99 /* Debug */ = {
			isa = XCBuildConfiguration;
			buildSettings = {
				ALWAYS_SEARCH_USER_PATHS = NO;
				CLANG_ANALYZER_NONNULL = YES;
				CLANG_ANALYZER_NUMBER_OBJECT_CONVERSION = YES_AGGRESSIVE;
				CLANG_CXX_LANGUAGE_STANDARD = "gnu++17";
				CLANG_CXX_LIBRARY = "libc++";
				CLANG_ENABLE_MODULES = YES;
				CLANG_ENABLE_OBJC_ARC = YES;
				CLANG_ENABLE_OBJC_WEAK = YES;
				CLANG_WARN_BLOCK_CAPTURE_AUTORELEASING = YES;
				CLANG_WARN_BOOL_CONVERSION = YES;
				CLANG_WARN_COMMA = YES;
				CLANG_WARN_CONSTANT_CONVERSION = YES;
				CLANG_WARN_DEPRECATED_OBJC_IMPLEMENTATIONS = YES;
				CLANG_WARN_DIRECT_OBJC_ISA_USAGE = YES_ERROR;
				CLANG_WARN_DOCUMENTATION_COMMENTS = YES;
				CLANG_WARN_EMPTY_BODY = YES;
				CLANG_WARN_ENUM_CONVERSION = YES;
				CLANG_WARN_INFINITE_RECURSION = YES;
				CLANG_WARN_INT_CONVERSION = YES;
				CLANG_WARN_NON_LITERAL_NULL_CONVERSION = YES;
				CLANG_WARN_OBJC_IMPLICIT_RETAIN_SELF = YES;
				CLANG_WARN_OBJC_LITERAL_CONVERSION = YES;
				CLANG_WARN_OBJC_ROOT_CLASS = YES_ERROR;
				CLANG_WARN_QUOTED_INCLUDE_IN_FRAMEWORK_HEADER = YES;
				CLANG_WARN_RANGE_LOOP_ANALYSIS = YES;
				CLANG_WARN_STRICT_PROTOTYPES = YES;
				CLANG_WARN_SUSPICIOUS_MOVE = YES;
				CLANG_WARN_UNGUARDED_AVAILABILITY = YES_AGGRESSIVE;
				CLANG_WARN_UNREACHABLE_CODE = YES;
				CLANG_WARN__DUPLICATE_METHOD_MATCH = YES;
				COPY_PHASE_STRIP = NO;
				CURRENT_PROJECT_VERSION = 1;
				DEBUG_INFORMATION_FORMAT = dwarf;
				ENABLE_STRICT_OBJC_MSGSEND = YES;
				ENABLE_TESTABILITY = YES;
				GCC_C_LANGUAGE_STANDARD = gnu11;
				GCC_DYNAMIC_NO_PIC = NO;
				GCC_NO_COMMON_BLOCKS = YES;
				GCC_OPTIMIZATION_LEVEL = 0;
				GCC_PREPROCESSOR_DEFINITIONS = (
					"DEBUG=1",
					"$(inherited)",
				);
				GCC_WARN_64_TO_32_BIT_CONVERSION = YES;
				GCC_WARN_ABOUT_RETURN_TYPE = YES_ERROR;
				GCC_WARN_UNDECLARED_SELECTOR = YES;
				GCC_WARN_UNINITIALIZED_AUTOS = YES_AGGRESSIVE;
				GCC_WARN_UNUSED_FUNCTION = YES;
				GCC_WARN_UNUSED_VARIABLE = YES;
				IPHONEOS_DEPLOYMENT_TARGET = 15.2;
				MTL_ENABLE_DEBUG_INFO = INCLUDE_SOURCE;
				MTL_FAST_MATH = YES;
				ONLY_ACTIVE_ARCH = YES;
				SDKROOT = iphoneos;
				SWIFT_ACTIVE_COMPILATION_CONDITIONS = DEBUG;
				SWIFT_OPTIMIZATION_LEVEL = "-Onone";
				VERSIONING_SYSTEM = "apple-generic";
				VERSION_INFO_PREFIX = "";
			};
			name = Debug;
		};
		48E38FB328251E6A00101C99 /* Release */ = {
			isa = XCBuildConfiguration;
			buildSettings = {
				ALWAYS_SEARCH_USER_PATHS = NO;
				CLANG_ANALYZER_NONNULL = YES;
				CLANG_ANALYZER_NUMBER_OBJECT_CONVERSION = YES_AGGRESSIVE;
				CLANG_CXX_LANGUAGE_STANDARD = "gnu++17";
				CLANG_CXX_LIBRARY = "libc++";
				CLANG_ENABLE_MODULES = YES;
				CLANG_ENABLE_OBJC_ARC = YES;
				CLANG_ENABLE_OBJC_WEAK = YES;
				CLANG_WARN_BLOCK_CAPTURE_AUTORELEASING = YES;
				CLANG_WARN_BOOL_CONVERSION = YES;
				CLANG_WARN_COMMA = YES;
				CLANG_WARN_CONSTANT_CONVERSION = YES;
				CLANG_WARN_DEPRECATED_OBJC_IMPLEMENTATIONS = YES;
				CLANG_WARN_DIRECT_OBJC_ISA_USAGE = YES_ERROR;
				CLANG_WARN_DOCUMENTATION_COMMENTS = YES;
				CLANG_WARN_EMPTY_BODY = YES;
				CLANG_WARN_ENUM_CONVERSION = YES;
				CLANG_WARN_INFINITE_RECURSION = YES;
				CLANG_WARN_INT_CONVERSION = YES;
				CLANG_WARN_NON_LITERAL_NULL_CONVERSION = YES;
				CLANG_WARN_OBJC_IMPLICIT_RETAIN_SELF = YES;
				CLANG_WARN_OBJC_LITERAL_CONVERSION = YES;
				CLANG_WARN_OBJC_ROOT_CLASS = YES_ERROR;
				CLANG_WARN_QUOTED_INCLUDE_IN_FRAMEWORK_HEADER = YES;
				CLANG_WARN_RANGE_LOOP_ANALYSIS = YES;
				CLANG_WARN_STRICT_PROTOTYPES = YES;
				CLANG_WARN_SUSPICIOUS_MOVE = YES;
				CLANG_WARN_UNGUARDED_AVAILABILITY = YES_AGGRESSIVE;
				CLANG_WARN_UNREACHABLE_CODE = YES;
				CLANG_WARN__DUPLICATE_METHOD_MATCH = YES;
				COPY_PHASE_STRIP = NO;
				CURRENT_PROJECT_VERSION = 1;
				DEBUG_INFORMATION_FORMAT = "dwarf-with-dsym";
				ENABLE_NS_ASSERTIONS = NO;
				ENABLE_STRICT_OBJC_MSGSEND = YES;
				GCC_C_LANGUAGE_STANDARD = gnu11;
				GCC_NO_COMMON_BLOCKS = YES;
				GCC_WARN_64_TO_32_BIT_CONVERSION = YES;
				GCC_WARN_ABOUT_RETURN_TYPE = YES_ERROR;
				GCC_WARN_UNDECLARED_SELECTOR = YES;
				GCC_WARN_UNINITIALIZED_AUTOS = YES_AGGRESSIVE;
				GCC_WARN_UNUSED_FUNCTION = YES;
				GCC_WARN_UNUSED_VARIABLE = YES;
				IPHONEOS_DEPLOYMENT_TARGET = 15.2;
				MTL_ENABLE_DEBUG_INFO = NO;
				MTL_FAST_MATH = YES;
				SDKROOT = iphoneos;
				SWIFT_COMPILATION_MODE = wholemodule;
				SWIFT_OPTIMIZATION_LEVEL = "-O";
				VALIDATE_PRODUCT = YES;
				VERSIONING_SYSTEM = "apple-generic";
				VERSION_INFO_PREFIX = "";
			};
			name = Release;
		};
		48E38FB528251E6A00101C99 /* Debug */ = {
			isa = XCBuildConfiguration;
			baseConfigurationReference = 51B344F2BCE6B29C9F0722A4 /* Pods-ChatSdk.debug.xcconfig */;
			buildSettings = {
				CODE_SIGN_STYLE = Automatic;
				CURRENT_PROJECT_VERSION = 1;
				DEFINES_MODULE = YES;
				DEVELOPMENT_TEAM = 7FFDQFPBFF;
				DYLIB_COMPATIBILITY_VERSION = 1;
				DYLIB_CURRENT_VERSION = 1;
				DYLIB_INSTALL_NAME_BASE = "@rpath";
				GENERATE_INFOPLIST_FILE = YES;
				INFOPLIST_KEY_NSHumanReadableCopyright = "";
				INSTALL_PATH = "$(LOCAL_LIBRARY_DIR)/Frameworks";
				LD_RUNPATH_SEARCH_PATHS = (
					"$(inherited)",
					"@executable_path/Frameworks",
					"@loader_path/Frameworks",
				);
				MARKETING_VERSION = 1.0;
				PRODUCT_BUNDLE_IDENTIFIER = com.graphy.ChatSdk;
				PRODUCT_NAME = "$(TARGET_NAME:c99extidentifier)";
				SKIP_INSTALL = YES;
				SWIFT_EMIT_LOC_STRINGS = YES;
				SWIFT_VERSION = 5.0;
				TARGETED_DEVICE_FAMILY = "1,2";
			};
			name = Debug;
		};
		48E38FB628251E6A00101C99 /* Release */ = {
			isa = XCBuildConfiguration;
			baseConfigurationReference = 943B135AAE2795F83D77CCC7 /* Pods-ChatSdk.release.xcconfig */;
			buildSettings = {
				CODE_SIGN_STYLE = Automatic;
				CURRENT_PROJECT_VERSION = 1;
				DEFINES_MODULE = YES;
				DEVELOPMENT_TEAM = 7FFDQFPBFF;
				DYLIB_COMPATIBILITY_VERSION = 1;
				DYLIB_CURRENT_VERSION = 1;
				DYLIB_INSTALL_NAME_BASE = "@rpath";
				GENERATE_INFOPLIST_FILE = YES;
				INFOPLIST_KEY_NSHumanReadableCopyright = "";
				INSTALL_PATH = "$(LOCAL_LIBRARY_DIR)/Frameworks";
				LD_RUNPATH_SEARCH_PATHS = (
					"$(inherited)",
					"@executable_path/Frameworks",
					"@loader_path/Frameworks",
				);
				MARKETING_VERSION = 1.0;
				PRODUCT_BUNDLE_IDENTIFIER = com.graphy.ChatSdk;
				PRODUCT_NAME = "$(TARGET_NAME:c99extidentifier)";
				SKIP_INSTALL = YES;
				SWIFT_EMIT_LOC_STRINGS = YES;
				SWIFT_VERSION = 5.0;
				TARGETED_DEVICE_FAMILY = "1,2";
			};
			name = Release;
		};
		48E38FB828251E6A00101C99 /* Debug */ = {
			isa = XCBuildConfiguration;
			buildSettings = {
				CODE_SIGN_STYLE = Automatic;
				CURRENT_PROJECT_VERSION = 1;
				DEVELOPMENT_TEAM = 7FFDQFPBFF;
				GENERATE_INFOPLIST_FILE = YES;
				MARKETING_VERSION = 1.0;
				PRODUCT_BUNDLE_IDENTIFIER = com.graphy.ChatSdkTests;
				PRODUCT_NAME = "$(TARGET_NAME)";
				SWIFT_EMIT_LOC_STRINGS = NO;
				SWIFT_VERSION = 5.0;
				TARGETED_DEVICE_FAMILY = "1,2";
			};
			name = Debug;
		};
		48E38FB928251E6A00101C99 /* Release */ = {
			isa = XCBuildConfiguration;
			buildSettings = {
				CODE_SIGN_STYLE = Automatic;
				CURRENT_PROJECT_VERSION = 1;
				DEVELOPMENT_TEAM = 7FFDQFPBFF;
				GENERATE_INFOPLIST_FILE = YES;
				MARKETING_VERSION = 1.0;
				PRODUCT_BUNDLE_IDENTIFIER = com.graphy.ChatSdkTests;
				PRODUCT_NAME = "$(TARGET_NAME)";
				SWIFT_EMIT_LOC_STRINGS = NO;
				SWIFT_VERSION = 5.0;
				TARGETED_DEVICE_FAMILY = "1,2";
			};
			name = Release;
		};
/* End XCBuildConfiguration section */

/* Begin XCConfigurationList section */
		48E38F9A28251E6A00101C99 /* Build configuration list for PBXProject "ChatSdk" */ = {
			isa = XCConfigurationList;
			buildConfigurations = (
				48E38FB228251E6A00101C99 /* Debug */,
				48E38FB328251E6A00101C99 /* Release */,
			);
			defaultConfigurationIsVisible = 0;
			defaultConfigurationName = Release;
		};
		48E38FB428251E6A00101C99 /* Build configuration list for PBXNativeTarget "ChatSdk" */ = {
			isa = XCConfigurationList;
			buildConfigurations = (
				48E38FB528251E6A00101C99 /* Debug */,
				48E38FB628251E6A00101C99 /* Release */,
			);
			defaultConfigurationIsVisible = 0;
			defaultConfigurationName = Release;
		};
		48E38FB728251E6A00101C99 /* Build configuration list for PBXNativeTarget "ChatSdkTests" */ = {
			isa = XCConfigurationList;
			buildConfigurations = (
				48E38FB828251E6A00101C99 /* Debug */,
				48E38FB928251E6A00101C99 /* Release */,
			);
			defaultConfigurationIsVisible = 0;
			defaultConfigurationName = Release;
		};
/* End XCConfigurationList section */
	};
	rootObject = 48E38F9728251E6A00101C99 /* Project object */;
}
